
Microsoft Visual Studio Solution File, Format Version 12.00
# Visual Studio 15
VisualStudioVersion = 15.0.28307.779
MinimumVisualStudioVersion = 10.0.40219.1
Project("{FAE04EC0-301F-11D3-BF4B-00C04F79EFBC}") = "WebApiAPP", "src\WebApiAPP\WebApiAPP.csproj", "{D97E1935-FBFD-495E-A826-0A0554B9E31E}"
EndProject
Project("{FAE04EC0-301F-11D3-BF4B-00C04F79EFBC}") = "ConsoleApp", "src\ConsoleApp\ConsoleApp.csproj", "{29859793-7FCD-40FE-9CFA-C1808D0888C5}"
	ProjectSection(ProjectDependencies) = postProject
		{D97E1935-FBFD-495E-A826-0A0554B9E31E} = {D97E1935-FBFD-495E-A826-0A0554B9E31E}
	EndProjectSection
EndProject
Project("{FAE04EC0-301F-11D3-BF4B-00C04F79EFBC}") = "WebApplication", "src\WebApplication\WebApplication.csproj", "{66314762-E22C-4D37-95AD-66C86655DFCC}"
	ProjectSection(ProjectDependencies) = postProject
		{D97E1935-FBFD-495E-A826-0A0554B9E31E} = {D97E1935-FBFD-495E-A826-0A0554B9E31E}
		{3214AD59-6EE9-400E-8F46-48AEBF64643D} = {3214AD59-6EE9-400E-8F46-48AEBF64643D}
		{1A4A3B92-6C36-4053-8247-313119053420} = {1A4A3B92-6C36-4053-8247-313119053420}
		{29859793-7FCD-40FE-9CFA-C1808D0888C5} = {29859793-7FCD-40FE-9CFA-C1808D0888C5}
	EndProjectSection
EndProject
Project("{FAE04EC0-301F-11D3-BF4B-00C04F79EFBC}") = "WindowsServiceApp", "src\WindowsServiceApp\WindowsServiceApp.csproj", "{1A4A3B92-6C36-4053-8247-313119053420}"
EndProject
Project("{FAE04EC0-301F-11D3-BF4B-00C04F79EFBC}") = "WCFApp", "src\WCFApp\WCFApp.csproj", "{3214AD59-6EE9-400E-8F46-48AEBF64643D}"
EndProject
Project("{2150E333-8FDC-42A3-9474-1A3956D46DE8}") = "src", "src", "{FC5360A2-0D18-4A09-8DB1-B981CB469B23}"
EndProject
Global
	GlobalSection(SolutionConfigurationPlatforms) = preSolution
		Debug|Any CPU = Debug|Any CPU
		Release|Any CPU = Release|Any CPU
	EndGlobalSection
	GlobalSection(ProjectConfigurationPlatforms) = postSolution
		{D97E1935-FBFD-495E-A826-0A0554B9E31E}.Debug|Any CPU.ActiveCfg = Debug|Any CPU
		{D97E1935-FBFD-495E-A826-0A0554B9E31E}.Debug|Any CPU.Build.0 = Debug|Any CPU
		{D97E1935-FBFD-495E-A826-0A0554B9E31E}.Release|Any CPU.ActiveCfg = Release|Any CPU
		{D97E1935-FBFD-495E-A826-0A0554B9E31E}.Release|Any CPU.Build.0 = Release|Any CPU
		{29859793-7FCD-40FE-9CFA-C1808D0888C5}.Debug|Any CPU.ActiveCfg = Debug|Any CPU
		{29859793-7FCD-40FE-9CFA-C1808D0888C5}.Debug|Any CPU.Build.0 = Debug|Any CPU
		{29859793-7FCD-40FE-9CFA-C1808D0888C5}.Release|Any CPU.ActiveCfg = Release|Any CPU
		{29859793-7FCD-40FE-9CFA-C1808D0888C5}.Release|Any CPU.Build.0 = Release|Any CPU
		{66314762-E22C-4D37-95AD-66C86655DFCC}.Debug|Any CPU.ActiveCfg = Debug|Any CPU
		{66314762-E22C-4D37-95AD-66C86655DFCC}.Debug|Any CPU.Build.0 = Debug|Any CPU
		{66314762-E22C-4D37-95AD-66C86655DFCC}.Release|Any CPU.ActiveCfg = Release|Any CPU
		{66314762-E22C-4D37-95AD-66C86655DFCC}.Release|Any CPU.Build.0 = Release|Any CPU
		{1A4A3B92-6C36-4053-8247-313119053420}.Debug|Any CPU.ActiveCfg = Debug|Any CPU
		{1A4A3B92-6C36-4053-8247-313119053420}.Debug|Any CPU.Build.0 = Debug|Any CPU
		{1A4A3B92-6C36-4053-8247-313119053420}.Release|Any CPU.ActiveCfg = Release|Any CPU
		{1A4A3B92-6C36-4053-8247-313119053420}.Release|Any CPU.Build.0 = Release|Any CPU
		{3214AD59-6EE9-400E-8F46-48AEBF64643D}.Debug|Any CPU.ActiveCfg = Debug|Any CPU
		{3214AD59-6EE9-400E-8F46-48AEBF64643D}.Debug|Any CPU.Build.0 = Debug|Any CPU
		{3214AD59-6EE9-400E-8F46-48AEBF64643D}.Release|Any CPU.ActiveCfg = Release|Any CPU
		{3214AD59-6EE9-400E-8F46-48AEBF64643D}.Release|Any CPU.Build.0 = Release|Any CPU
	EndGlobalSection
	GlobalSection(SolutionProperties) = preSolution
		HideSolutionNode = FALSE
	EndGlobalSection
	GlobalSection(NestedProjects) = preSolution
		{D97E1935-FBFD-495E-A826-0A0554B9E31E} = {FC5360A2-0D18-4A09-8DB1-B981CB469B23}
		{29859793-7FCD-40FE-9CFA-C1808D0888C5} = {FC5360A2-0D18-4A09-8DB1-B981CB469B23}
		{66314762-E22C-4D37-95AD-66C86655DFCC} = {FC5360A2-0D18-4A09-8DB1-B981CB469B23}
		{1A4A3B92-6C36-4053-8247-313119053420} = {FC5360A2-0D18-4A09-8DB1-B981CB469B23}
		{3214AD59-6EE9-400E-8F46-48AEBF64643D} = {FC5360A2-0D18-4A09-8DB1-B981CB469B23}
	EndGlobalSection
	GlobalSection(ExtensibilityGlobals) = postSolution
		SolutionGuid = {4721903C-AF90-44E5-A585-E752322B4F59}
	EndGlobalSection
EndGlobal
